// !$*UTF8*$!
{
	archiveVersion = 1;
	classes = {
	};
	objectVersion = 46;
	objects = {

/* Begin PBXBuildFile section */
		C112CBE51C50E26E002FA100 /* main.m in Sources */ = {isa = PBXBuildFile; fileRef = C112CBE41C50E26E002FA100 /* main.m */; };
		C112CBE81C50E26E002FA100 /* AppDelegate.m in Sources */ = {isa = PBXBuildFile; fileRef = C112CBE71C50E26E002FA100 /* AppDelegate.m */; };
		C112CBEB1C50E26E002FA100 /* ViewController.m in Sources */ = {isa = PBXBuildFile; fileRef = C112CBEA1C50E26E002FA100 /* ViewController.m */; };
		C112CBF01C50E26E002FA100 /* Assets.xcassets in Resources */ = {isa = PBXBuildFile; fileRef = C112CBEF1C50E26E002FA100 /* Assets.xcassets */; };
		C112CBFB1C50F52D002FA100 /* Default-568h@2x.png in Resources */ = {isa = PBXBuildFile; fileRef = C112CBFA1C50F52D002FA100 /* Default-568h@2x.png */; };
/* End PBXBuildFile section */

/* Begin PBXFileReference section */
		C112CBE01C50E26E002FA100 /* LinkedInAPI.app */ = {isa = PBXFileReference; explicitFileType = wrapper.application; includeInIndex = 0; path = LinkedInAPI.app; sourceTree = BUILT_PRODUCTS_DIR; };
		C112CBE41C50E26E002FA100 /* main.m */ = {isa = PBXFileReference; lastKnownFileType = sourcecode.c.objc; path = main.m; sourceTree = "<group>"; };
		C112CBE61C50E26E002FA100 /* AppDelegate.h */ = {isa = PBXFileReference; lastKnownFileType = sourcecode.c.h; path = AppDelegate.h; sourceTree = "<group>"; };
		C112CBE71C50E26E002FA100 /* AppDelegate.m */ = {isa = PBXFileReference; lastKnownFileType = sourcecode.c.objc; path = AppDelegate.m; sourceTree = "<group>"; };
		C112CBE91C50E26E002FA100 /* ViewController.h */ = {isa = PBXFileReference; lastKnownFileType = sourcecode.c.h; path = ViewController.h; sourceTree = "<group>"; };
		C112CBEA1C50E26E002FA100 /* ViewController.m */ = {isa = PBXFileReference; lastKnownFileType = sourcecode.c.objc; path = ViewController.m; sourceTree = "<group>"; };
		C112CBEF1C50E26E002FA100 /* Assets.xcassets */ = {isa = PBXFileReference; lastKnownFileType = folder.assetcatalog; path = Assets.xcassets; sourceTree = "<group>"; };
		C112CBF41C50E26E002FA100 /* Info.plist */ = {isa = PBXFileReference; lastKnownFileType = text.plist.xml; path = Info.plist; sourceTree = "<group>"; };
		C112CBFA1C50F52D002FA100 /* Default-568h@2x.png */ = {isa = PBXFileReference; lastKnownFileType = image.png; path = "Default-568h@2x.png"; sourceTree = "<group>"; };
		C143DC831C52027E00705D4E /* AppMacros.h */ = {isa = PBXFileReference; lastKnownFileType = sourcecode.c.h; path = AppMacros.h; sourceTree = "<group>"; };
/* End PBXFileReference section */

/* Begin PBXFrameworksBuildPhase section */
		C112CBDD1C50E26E002FA100 /* Frameworks */ = {
			isa = PBXFrameworksBuildPhase;
			buildActionMask = 2147483647;
			files = (
			);
			runOnlyForDeploymentPostprocessing = 0;
		};
/* End PBXFrameworksBuildPhase section */

/* Begin PBXGroup section */
		C112CBD71C50E26E002FA100 = {
			isa = PBXGroup;
			children = (
				C112CBFA1C50F52D002FA100 /* Default-568h@2x.png */,
				C112CBE21C50E26E002FA100 /* LinkedInAPI */,
				C112CBE11C50E26E002FA100 /* Products */,
			);
			sourceTree = "<group>";
		};
		C112CBE11C50E26E002FA100 /* Products */ = {
			isa = PBXGroup;
			children = (
				C112CBE01C50E26E002FA100 /* LinkedInAPI.app */,
			);
			name = Products;
			sourceTree = "<group>";
		};
		C112CBE21C50E26E002FA100 /* LinkedInAPI */ = {
			isa = PBXGroup;
			children = (
				C112CBE61C50E26E002FA100 /* AppDelegate.h */,
				C112CBE71C50E26E002FA100 /* AppDelegate.m */,
				C112CBE91C50E26E002FA100 /* ViewController.h */,
				C112CBEA1C50E26E002FA100 /* ViewController.m */,
				C112CBEF1C50E26E002FA100 /* Assets.xcassets */,
				C112CBF41C50E26E002FA100 /* Info.plist */,
				C112CBE31C50E26E002FA100 /* Supporting Files */,
				C143DC831C52027E00705D4E /* AppMacros.h */,
			);
			path = LinkedInAPI;
			sourceTree = "<group>";
		};
		C112CBE31C50E26E002FA100 /* Supporting Files */ = {
			isa = PBXGroup;
			children = (
				C112CBE41C50E26E002FA100 /* main.m */,
			);
			name = "Supporting Files";
			sourceTree = "<group>";
		};
/* End PBXGroup section */

/* Begin PBXNativeTarget section */
		C112CBDF1C50E26E002FA100 /* LinkedInAPI */ = {
			isa = PBXNativeTarget;
			buildConfigurationList = C112CBF71C50E26E002FA100 /* Build configuration list for PBXNativeTarget "LinkedInAPI" */;
			buildPhases = (
				C112CBDC1C50E26E002FA100 /* Sources */,
				C112CBDD1C50E26E002FA100 /* Frameworks */,
				C112CBDE1C50E26E002FA100 /* Resources */,
			);
			buildRules = (
			);
			dependencies = (
			);
			name = LinkedInAPI;
			productName = LinkedInAPI;
			productReference = C112CBE01C50E26E002FA100 /* LinkedInAPI.app */;
			productType = "com.apple.product-type.application";
		};
/* End PBXNativeTarget section */

/* Begin PBXProject section */
		C112CBD81C50E26E002FA100 /* Project object */ = {
			isa = PBXProject;
			attributes = {
				LastUpgradeCheck = 0700;
				ORGANIZATIONNAME = "Vaghula krishnan";
				TargetAttributes = {
					C112CBDF1C50E26E002FA100 = {
						CreatedOnToolsVersion = 7.0;
					};
				};
			};
			buildConfigurationList = C112CBDB1C50E26E002FA100 /* Build configuration list for PBXProject "LinkedInAPI" */;
			compatibilityVersion = "Xcode 3.2";
			developmentRegion = English;
			hasScannedForEncodings = 0;
			knownRegions = (
				en,
				Base,
			);
			mainGroup = C112CBD71C50E26E002FA100;
			productRefGroup = C112CBE11C50E26E002FA100 /* Products */;
			projectDirPath = "";
			projectRoot = "";
			targets = (
				C112CBDF1C50E26E002FA100 /* LinkedInAPI */,
			);
		};
/* End PBXProject section */

/* Begin PBXResourcesBuildPhase section */
		C112CBDE1C50E26E002FA100 /* Resources */ = {
			isa = PBXResourcesBuildPhase;
			buildActionMask = 2147483647;
			files = (
				C112CBF01C50E26E002FA100 /* Assets.xcassets in Resources */,
				C112CBFB1C50F52D002FA100 /* Default-568h@2x.png in Resources */,
			);
			runOnlyForDeploymentPostprocessing = 0;
		};
/* End PBXResourcesBuildPhase section */

/* Begin PBXSourcesBuildPhase section */
		C112CBDC1C50E26E002FA100 /* Sources */ = {
			isa = PBXSourcesBuildPhase;
			buildActionMask = 2147483647;
			files = (
				C112CBEB1C50E26E002FA100 /* ViewController.m in Sources */,
				C112CBE81C50E26E002FA100 /* AppDelegate.m in Sources */,
				C112CBE51C50E26E002FA100 /* main.m in Sources */,
			);
			runOnlyForDeploymentPostprocessing = 0;
		};
/* End PBXSourcesBuildPhase section */

/* Begin XCBuildConfiguration section */
		C112CBF51C50E26E002FA100 /* Debug */ = {
			isa = XCBuildConfiguration;
			buildSettings = {
				ALWAYS_SEARCH_USER_PATHS = NO;
				CLANG_CXX_LANGUAGE_STANDARD = "gnu++0x";
				CLANG_CXX_LIBRARY = "libc++";
				CLANG_ENABLE_MODULES = YES;
				CLANG_ENABLE_OBJC_ARC = YES;
				CLANG_WARN_BOOL_CONVERSION = YES;
				CLANG_WARN_CONSTANT_CONVERSION = YES;
				CLANG_WARN_DIRECT_OBJC_ISA_USAGE = YES_ERROR;
				CLANG_WARN_EMPTY_BODY = YES;
				CLANG_WARN_ENUM_CONVERSION = YES;
				CLANG_WARN_INT_CONVERSION = YES;
				CLANG_WARN_OBJC_ROOT_CLASS = YES_ERROR;
				CLANG_WARN_UNREACHABLE_CODE = YES;
				CLANG_WARN__DUPLICATE_METHOD_MATCH = YES;
				"CODE_SIGN_IDENTITY[sdk=iphoneos*]" = "iPhone Developer";
				COPY_PHASE_STRIP = NO;
				DEBUG_INFORMATION_FORMAT = dwarf;
				ENABLE_STRICT_OBJC_MSGSEND = YES;
				ENABLE_TESTABILITY = YES;
				GCC_C_LANGUAGE_STANDARD = gnu99;
				GCC_DYNAMIC_NO_PIC = NO;
				GCC_NO_COMMON_BLOCKS = YES;
				GCC_OPTIMIZATION_LEVEL = 0;
				GCC_PREPROCESSOR_DEFINITIONS = (
					"DEBUG=1",
					"$(inherited)",
				);
				GCC_WARN_64_TO_32_BIT_CONVERSION = YES;
				GCC_WARN_ABOUT_RETURN_TYPE = YES_ERROR;
				GCC_WARN_UNDECLARED_SELECTOR = YES;
				GCC_WARN_UNINITIALIZED_AUTOS = YES_AGGRESSIVE;
				GCC_WARN_UNUSED_FUNCTION = YES;
				GCC_WARN_UNUSED_VARIABLE = YES;
				IPHONEOS_DEPLOYMENT_TARGET = 9.0;
				MTL_ENABLE_DEBUG_INFO = YES;
				ONLY_ACTIVE_ARCH = YES;
				SDKROOT = iphoneos;
			};
			name = Debug;
		};
		C112CBF61C50E26E002FA100 /* Release */ = {
			isa = XCBuildConfiguration;
			buildSettings = {
				ALWAYS_SEARCH_USER_PATHS = NO;
				CLANG_CXX_LANGUAGE_STANDARD = "gnu++0x";
				CLANG_CXX_LIBRARY = "libc++";
				CLANG_ENABLE_MODULES = YES;
				CLANG_ENABLE_OBJC_ARC = YES;
				CLANG_WARN_BOOL_CONVERSION = YES;
				CLANG_WARN_CONSTANT_CONVERSION = YES;
				CLANG_WARN_DIRECT_OBJC_ISA_USAGE = YES_ERROR;
				CLANG_WARN_EMPTY_BODY = YES;
				CLANG_WARN_ENUM_CONVERSION = YES;
				CLANG_WARN_INT_CONVERSION = YES;
				CLANG_WARN_OBJC_ROOT_CLASS = YES_ERROR;
				CLANG_WARN_UNREACHABLE_CODE = YES;
				CLANG_WARN__DUPLICATE_METHOD_MATCH = YES;
				"CODE_SIGN_IDENTITY[sdk=iphoneos*]" = "iPhone Developer";
				COPY_PHASE_STRIP = NO;
				DEBUG_INFORMATION_FORMAT = "dwarf-with-dsym";
				ENABLE_NS_ASSERTIONS = NO;
				ENABLE_STRICT_OBJC_MSGSEND = YES;
				GCC_C_LANGUAGE_STANDARD = gnu99;
				GCC_NO_COMMON_BLOCKS = YES;
				GCC_WARN_64_TO_32_BIT_CONVERSION = YES;
				GCC_WARN_ABOUT_RETURN_TYPE = YES_ERROR;
				GCC_WARN_UNDECLARED_SELECTOR = YES;
				GCC_WARN_UNINITIALIZED_AUTOS = YES_AGGRESSIVE;
				GCC_WARN_UNUSED_FUNCTION = YES;
				GCC_WARN_UNUSED_VARIABLE = YES;
				IPHONEOS_DEPLOYMENT_TARGET = 9.0;
				MTL_ENABLE_DEBUG_INFO = NO;
				SDKROOT = iphoneos;
				VALIDATE_PRODUCT = YES;
			};
			name = Release;
		};
		C112CBF81C50E26E002FA100 /* Debug */ = {
			isa = XCBuildConfiguration;
			buildSettings = {
				ASSETCATALOG_COMPILER_APPICON_NAME = AppIcon;
				INFOPLIST_FILE = LinkedInAPI/Info.plist;
				IPHONEOS_DEPLOYMENT_TARGET = 8.0;
				LD_RUNPATH_SEARCH_PATHS = "$(inherited) @executable_path/Frameworks";
				PRODUCT_BUNDLE_IDENTIFIER = com.msf.LinkedInAPI;
				PRODUCT_NAME = "$(TARGET_NAME)";
			};
			name = Debug;
		};
		C112CBF91C50E26E002FA100 /* Release */ = {
			isa = XCBuildConfiguration;
			buildSettings = {
				ASSETCATALOG_COMPILER_APPICON_NAME = AppIcon;
				INFOPLIST_FILE = LinkedInAPI/Info.plist;
				IPHONEOS_DEPLOYMENT_TARGET = 8.0;
				LD_RUNPATH_SEARCH_PATHS = "$(inherited) @executable_path/Frameworks";
				PRODUCT_BUNDLE_IDENTIFIER = com.msf.LinkedInAPI;
				PRODUCT_NAME = "$(TARGET_NAME)";
			};
			name = Release;
		};
/* End XCBuildConfiguration section */

/* Begin XCConfigurationList section */
		C112CBDB1C50E26E002FA100 /* Build configuration list for PBXProject "LinkedInAPI" */ = {
			isa = XCConfigurationList;
			buildConfigurations = (
				C112CBF51C50E26E002FA100 /* Debug */,
				C112CBF61C50E26E002FA100 /* Release */,
			);
			defaultConfigurationIsVisible = 0;
			defaultConfigurationName = Release;
		};
		C112CBF71C50E26E002FA100 /* Build configuration list for PBXNativeTarget "LinkedInAPI" */ = {
			isa = XCConfigurationList;
			buildConfigurations = (
				C112CBF81C50E26E002FA100 /* Debug */,
				C112CBF91C50E26E002FA100 /* Release */,
			);
			defaultConfigurationIsVisible = 0;
			defaultConfigurationName = Release;
		};
/* End XCConfigurationList section */
	};
	rootObject = C112CBD81C50E26E002FA100 /* Project object */;
}
